
Microsoft Visual Studio Solution File, Format Version 12.00
# Visual Studio Version 17
VisualStudioVersion = 17.5.2.0
MinimumVisualStudioVersion = 10.0.40219.1
Project("{FAE04EC0-301F-11D3-BF4B-00C04F79EFBC}") = "阴极辊控制与数据处理", "阴极辊控制与数据处理.csproj", "{7D9298B7-C00B-272A-EF05-F2D840B9DDCB}"
EndProject
Global
	GlobalSection(SolutionConfigurationPlatforms) = preSolution
		Debug|Any CPU = Debug|Any CPU
		Release|Any CPU = Release|Any CPU
	EndGlobalSection
	GlobalSection(ProjectConfigurationPlatforms) = postSolution
		{7D9298B7-C00B-272A-EF05-F2D840B9DDCB}.Debug|Any CPU.ActiveCfg = Debug|Any CPU
		{7D9298B7-C00B-272A-EF05-F2D840B9DDCB}.Debug|Any CPU.Build.0 = Debug|Any CPU
		{7D9298B7-C00B-272A-EF05-F2D840B9DDCB}.Release|Any CPU.ActiveCfg = Release|Any CPU
		{7D9298B7-C00B-272A-EF05-F2D840B9DDCB}.Release|Any CPU.Build.0 = Release|Any CPU
	EndGlobalSection
	GlobalSection(SolutionProperties) = preSolution
		HideSolutionNode = FALSE
	EndGlobalSection
	GlobalSection(ExtensibilityGlobals) = postSolution
		SolutionGuid = {A3319859-D648-4C97-B993-34644B81CBB1}
	EndGlobalSection
EndGlobal
